
Microsoft Visual Studio Solution File, Format Version 12.00
# Visual Studio Version 17
VisualStudioVersion = 17.13.35806.99
MinimumVisualStudioVersion = 10.0.40219.1
Project("{FAE04EC0-301F-11D3-BF4B-00C04F79EFBC}") = "codea2zwithsujeet.IdentityService", "codea2zwithsujeet.IdentityService\codea2zwithsujeet.IdentityService.csproj", "{D795D600-1BC4-48AB-A1E0-A7CBE7CBFEE2}"
EndProject
Project("{FAE04EC0-301F-11D3-BF4B-00C04F79EFBC}") = "codea2zwithsujeet.BlogService", "codea2zwithsujeet.BlogService\codea2zwithsujeet.BlogService.csproj", "{7E31C1F2-FB16-41BA-AAF1-658F6A24DC8B}"
EndProject
Project("{FAE04EC0-301F-11D3-BF4B-00C04F79EFBC}") = "codea2zwithsujeet.PortfolioService", "codea2zwithsujeet.PortfolioService\codea2zwithsujeet.PortfolioService.csproj", "{9033DADE-E03D-4D77-914E-7CED0E9F9286}"
EndProject
Project("{FAE04EC0-301F-11D3-BF4B-00C04F79EFBC}") = "codea2zwithsujeet.NewsletterService", "codea2zwithsujeet.NewsletterService\codea2zwithsujeet.NewsletterService.csproj", "{31B002EC-9BBD-4E07-90F6-E5761CC4186B}"
EndProject
Global
	GlobalSection(SolutionConfigurationPlatforms) = preSolution
		Debug|Any CPU = Debug|Any CPU
		Release|Any CPU = Release|Any CPU
	EndGlobalSection
	GlobalSection(ProjectConfigurationPlatforms) = postSolution
		{D795D600-1BC4-48AB-A1E0-A7CBE7CBFEE2}.Debug|Any CPU.ActiveCfg = Debug|Any CPU
		{D795D600-1BC4-48AB-A1E0-A7CBE7CBFEE2}.Debug|Any CPU.Build.0 = Debug|Any CPU
		{D795D600-1BC4-48AB-A1E0-A7CBE7CBFEE2}.Release|Any CPU.ActiveCfg = Release|Any CPU
		{D795D600-1BC4-48AB-A1E0-A7CBE7CBFEE2}.Release|Any CPU.Build.0 = Release|Any CPU
		{7E31C1F2-FB16-41BA-AAF1-658F6A24DC8B}.Debug|Any CPU.ActiveCfg = Debug|Any CPU
		{7E31C1F2-FB16-41BA-AAF1-658F6A24DC8B}.Debug|Any CPU.Build.0 = Debug|Any CPU
		{7E31C1F2-FB16-41BA-AAF1-658F6A24DC8B}.Release|Any CPU.ActiveCfg = Release|Any CPU
		{7E31C1F2-FB16-41BA-AAF1-658F6A24DC8B}.Release|Any CPU.Build.0 = Release|Any CPU
		{9033DADE-E03D-4D77-914E-7CED0E9F9286}.Debug|Any CPU.ActiveCfg = Debug|Any CPU
		{9033DADE-E03D-4D77-914E-7CED0E9F9286}.Debug|Any CPU.Build.0 = Debug|Any CPU
		{9033DADE-E03D-4D77-914E-7CED0E9F9286}.Release|Any CPU.ActiveCfg = Release|Any CPU
		{9033DADE-E03D-4D77-914E-7CED0E9F9286}.Release|Any CPU.Build.0 = Release|Any CPU
		{31B002EC-9BBD-4E07-90F6-E5761CC4186B}.Debug|Any CPU.ActiveCfg = Debug|Any CPU
		{31B002EC-9BBD-4E07-90F6-E5761CC4186B}.Debug|Any CPU.Build.0 = Debug|Any CPU
		{31B002EC-9BBD-4E07-90F6-E5761CC4186B}.Release|Any CPU.ActiveCfg = Release|Any CPU
		{31B002EC-9BBD-4E07-90F6-E5761CC4186B}.Release|Any CPU.Build.0 = Release|Any CPU
	EndGlobalSection
	GlobalSection(SolutionProperties) = preSolution
		HideSolutionNode = FALSE
	EndGlobalSection
	GlobalSection(ExtensibilityGlobals) = postSolution
		SolutionGuid = {96E8F323-AB34-4D7B-B138-CAE46B02BFBE}
	EndGlobalSection
EndGlobal
